<?xml version="1.0" encoding="utf-8"?>
<Project ToolsVersion="4.0" xmlns="http://schemas.microsoft.com/developer/msbuild/2003">
  <ItemGroup>
    <Filter Include="Shader">
      <UniqueIdentifier>{2804deab-b91b-4c6a-b40e-66d10f6e9cfd}</UniqueIdentifier>
    </Filter>
    <Filter Include="Source">
      <UniqueIdentifier>{1bb71fa2-ca03-4c8a-90bc-1afb861340bc}</UniqueIdentifier>
    </Filter>
    <Filter Include="Source\触る必要のないもの">
      <UniqueIdentifier>{3429748e-29bf-4747-bb96-2baa5a2cf725}</UniqueIdentifier>
    </Filter>
  </ItemGroup>
  <ItemGroup>
    <ClCompile Include="Source\stdafx.cpp">
      <Filter>Source\触る必要のないもの</Filter>
    </ClCompile>
    <ClCompile Include="Source\CIngredientsmanager.cpp">
      <Filter>Source\CGameScene\CGameSceneGameMain\CIngredientsmanager</Filter>
    </ClCompile>
    <ClCompile Include="Source\CIngredients.cpp">
      <Filter>Source\CGameScene\CGameSceneGameMain\CIngredientsmanager\CIngredients</Filter>
    </ClCompile>
    <ClCompile Include="Source\CIngredientsmanager.cpp">
      <Filter>Source\CGameScene\CGameSceneGameMain\CIngredientsmanager</Filter>
    </ClCompile>
    <ClCompile Include="Source\CIngredients.cpp">
      <Filter>Source\CGameScene\CGameSceneGameMain\CIngredientsmanager\CIngredients</Filter>
    </ClCompile>
    <ClCompile Include="Source\BoundingSphere\CBoundingSphere.cpp" />
    <ClCompile Include="Source\Effect\Effect.cpp" />
    <ClCompile Include="Source\Game\CCamera.cpp" />
    <ClCompile Include="Source\Game\CGame.cpp" />
    <ClCompile Include="Source\GameObject\SpriteObject\CSpriteObject.cpp" />
    <ClCompile Include="Source\GameObject\StaticMeshObject\CStaticMeshObject.cpp" />
    <ClCompile Include="Source\GameObject\StaticMeshObjObject\CStaticMeshObjObject.cpp" />
    <ClCompile Include="Source\GameObject\UIObject\CUIObject.cpp" />
    <ClCompile Include="Source\GameObject\CGameObject.cpp" />
    <ClCompile Include="Source\GameScene\CGameScene.cpp" />
    <ClCompile Include="Source\GameScene\GameSceneGameMain\CGameSceneGameMain.cpp" />
    <ClCompile Include="Source\GameScene\GameSceneGameMain\CollisionManager\CCollisionManager.cpp" />
    <ClCompile Include="Source\GameScene\GameSceneGameMain\Ingredients\CIngredients.cpp" />
    <ClCompile Include="Source\GameScene\GameSceneGameMain\IngredientsManager\CIngredientsmanager.cpp" />
    <ClCompile Include="Source\GameScene\GameSceneGameMain\Nabe\CNabe.cpp" />
    <ClCompile Include="Source\GameScene\GameSceneGameMain\PauseUI\CPauseUI.cpp" />
    <ClCompile Include="Source\GameScene\GameSceneGameMain\Timer\CTimer.cpp" />
    <ClCompile Include="Source\GameScene\GameScenePlayerSetup\CharacterUI\CCharacterUI.cpp" />
    <ClCompile Include="Source\GameScene\GameScenePlayerSetup\GameRdyUI\CGameRdyUI.cpp" />
    <ClCompile Include="Source\GameScene\GameScenePlayerSetup\PlayerSetupUI\CPlayerSetupUi.cpp" />
    <ClCompile Include="Source\GameScene\GameScenePlayerSetup\TitleBackUI\CTitleBackUI.cpp" />
    <ClCompile Include="Source\GameScene\GameScenePlayerSetup\CGameScenePlayerSetup.cpp" />
    <ClCompile Include="Source\GameScene\GameSceneTitle\TitleUI\CTitleUI.cpp" />
    <ClCompile Include="Source\GameScene\GameSceneTitle\CGameSceneTitle.cpp" />
    <ClCompile Include="Source\GameScene\GameSceneTitleSequence\TitleChopsticks\CTitleChopsticks.cpp" />
    <ClCompile Include="Source\GameScene\GameSceneTitleSequence\CGameSceneTitleSequence.cpp" />
    <ClCompile Include="Source\GameScene\GameSceneWinnerResult\WinnerResultUI\CWinnerResultUI.cpp" />
    <ClCompile Include="Source\GameScene\GameSceneWinnerResult\CGameSceneWinnerResult.cpp" />
    <ClCompile Include="Source\Main\CMain.cpp" />
    <ClCompile Include="Source\Player\PlayerParalysisUI\CPlayerParalysisUI.cpp" />
    <ClCompile Include="Source\Player\PlayerUI\CPlayerUI.cpp" />
    <ClCompile Include="Source\Player\CPlayer.cpp" />
    <ClCompile Include="Source\SceneChange\SceneTransitionRenderer\FadeSceneTransition\CFadeSceneTransition.cpp" />
    <ClCompile Include="Source\SceneChange\SceneTransitionRenderer\SceneTransition\CSceneTransition.cpp" />
    <ClCompile Include="Source\SceneChange\SceneTransitionRenderer\CSceneTransitionRenderer.cpp" />
    <ClCompile Include="Source\SceneChange\CSceneChange.cpp" />
    <ClCompile Include="Source\SoundManager\Sound\CSound.cpp" />
    <ClCompile Include="Source\SoundManager\CSoundManager.cpp" />
    <ClCompile Include="Source\SpriteManager\DebugText\CDebugText.cpp" />
    <ClCompile Include="Source\SpriteManager\Sprite2D\CSprite2D.cpp" />
    <ClCompile Include="Source\SpriteManager\Sprite3D\CSprite3D.cpp" />
    <ClCompile Include="Source\SpriteManager\SpriteBlock\CSpriteBlock.cpp" />
    <ClCompile Include="Source\SpriteManager\SpriteTriangle\CSpriteTriangle.cpp" />
    <ClCompile Include="Source\SpriteManager\StaticMesh\CStaticMesh.cpp" />
    <ClCompile Include="Source\SpriteManager\StaticObjMesh\CStaticObjMesh.cpp" />
    <ClCompile Include="Source\SpriteManager\CSpriteManager.cpp" />
    <ClCompile Include="Source\System\WinMain.cpp" />
    <ClCompile Include="Source\System\DirectX\CDirectX9.cpp" />
    <ClCompile Include="Source\System\DirectX\CDirectX11.cpp" />
    <ClCompile Include="Source\System\Global\Global.cpp" />
    <ClCompile Include="Source\System\RawInput\RawInput.cpp" />
    <ClCompile Include="Source\System\XInput\CXInput.cpp" />
  </ItemGroup>
  <ItemGroup>
    <ClInclude Include="Source\stdafx.h">
      <Filter>Source\触る必要のないもの</Filter>
    </ClInclude>
    <ClInclude Include="Source\BoundingSphere\CBoundingSphere.h" />
    <ClInclude Include="Source\Effect\Effect.h" />
    <ClInclude Include="Source\Game\CCamera.h" />
    <ClInclude Include="Source\Game\CGame.h" />
    <ClInclude Include="Source\Game\enScene.h" />
    <ClInclude Include="Source\GameObject\SpriteObject\CSpriteObject.h" />
    <ClInclude Include="Source\GameObject\StaticMeshObject\CStaticMeshObject.h" />
    <ClInclude Include="Source\GameObject\StaticMeshObjObject\CStaticMeshObjObject.h" />
    <ClInclude Include="Source\GameObject\UIObject\CUIObject.h" />
    <ClInclude Include="Source\GameObject\CGameObject.h" />
    <ClInclude Include="Source\GameScene\CGameScene.h" />
    <ClInclude Include="Source\GameScene\GameSceneGameMain\CGameSceneGameMain.h" />
    <ClInclude Include="Source\GameScene\GameSceneGameMain\CollisionManager\CCollisionManager.h" />
    <ClInclude Include="Source\GameScene\GameSceneGameMain\Ingredients\CIngredients.h" />
    <ClInclude Include="Source\GameScene\GameSceneGameMain\IngredientsManager\CIngredientsmanager.h" />
    <ClInclude Include="Source\GameScene\GameSceneGameMain\Nabe\CNabe.h" />
    <ClInclude Include="Source\GameScene\GameSceneGameMain\PauseUI\CPauseUI.h" />
    <ClInclude Include="Source\GameScene\GameSceneGameMain\Timer\CTimer.h" />
    <ClInclude Include="Source\GameScene\GameScenePlayerSetup\CharacterUI\CCharacterUI.h" />
    <ClInclude Include="Source\GameScene\GameScenePlayerSetup\GameRdyUI\CGameRdyUI.h" />
    <ClInclude Include="Source\GameScene\GameScenePlayerSetup\PlayerSetupUI\CPlayerSetupUi.h" />
    <ClInclude Include="Source\GameScene\GameScenePlayerSetup\TitleBackUI\CTitleBackUI.h" />
    <ClInclude Include="Source\GameScene\GameScenePlayerSetup\CGameScenePlayerSetup.h" />
    <ClInclude Include="Source\GameScene\GameSceneTitle\TitleUI\CTitleUI.h" />
    <ClInclude Include="Source\GameScene\GameSceneTitle\CGameSceneTitle.h" />
    <ClInclude Include="Source\GameScene\GameSceneTitleSequence\TitleChopsticks\CTitleChopsticks.h" />
    <ClInclude Include="Source\GameScene\GameSceneTitleSequence\CGameSceneTitleSequence.h" />
    <ClInclude Include="Source\GameScene\GameSceneWinnerResult\WinnerResultUI\CWinnerResultUI.h" />
    <ClInclude Include="Source\GameScene\GameSceneWinnerResult\CGameSceneWinnerResult.h" />
    <ClInclude Include="Source\Main\CMain.h" />
    <ClInclude Include="Source\Player\PlayerParalysisUI\CPlayerParalysisUI.h" />
    <ClInclude Include="Source\Player\PlayerUI\CPlayerUI.h" />
    <ClInclude Include="Source\Player\CPlayer.h" />
    <ClInclude Include="Source\SceneChange\SceneTransitionRenderer\FadeSceneTransition\CFadeSceneTransition.h" />
    <ClInclude Include="Source\SceneChange\SceneTransitionRenderer\SceneTransition\CSceneTransition.h" />
    <ClInclude Include="Source\SceneChange\SceneTransitionRenderer\CSceneTransitionRenderer.h" />
    <ClInclude Include="Source\SceneChange\CSceneChange.h" />
    <ClInclude Include="Source\SoundManager\Sound\CSound.h" />
    <ClInclude Include="Source\SoundManager\CSoundManager.h" />
    <ClInclude Include="Source\SpriteManager\DebugText\CDebugText.h" />
    <ClInclude Include="Source\SpriteManager\Sprite2D\CSprite2D.h" />
    <ClInclude Include="Source\SpriteManager\Sprite3D\CSprite3D.h" />
    <ClInclude Include="Source\SpriteManager\SpriteBlock\CSpriteBlock.h" />
    <ClInclude Include="Source\SpriteManager\SpriteTriangle\CSpriteTriangle.h" />
    <ClInclude Include="Source\SpriteManager\StaticMesh\CStaticMesh.h" />
    <ClInclude Include="Source\SpriteManager\StaticObjMesh\CStaticObjMesh.h" />
    <ClInclude Include="Source\SpriteManager\StaticObjMesh\tiny_obj_loader.h" />
    <ClInclude Include="Source\SpriteManager\CSpriteManager.h" />
    <ClInclude Include="Source\System\MyMacro.h" />
    <ClInclude Include="Source\System\DirectX\CDirectX9.h" />
    <ClInclude Include="Source\System\DirectX\CDirectX11.h" />
    <ClInclude Include="Source\System\Global\Global.h" />
    <ClInclude Include="Source\System\RawInput\RawInput.h" />
    <ClInclude Include="Source\System\XInput\CXInput.h" />
  </ItemGroup>
  <ItemGroup>
    <FxCompile Include="Data\Shader\Sprite3D.hlsl">
      <Filter>Shader</Filter>
    </FxCompile>
    <FxCompile Include="Data\Shader\Sprite2D.hlsl">
      <Filter>Shader</Filter>
    </FxCompile>
    <FxCompile Include="Data\Shader\DebugText.hlsl">
      <Filter>Shader</Filter>
    </FxCompile>
    <FxCompile Include="Data\Shader\StaticMesh.hlsl">
      <Filter>Shader</Filter>
    </FxCompile>
  </ItemGroup>
</Project>